
Microsoft Visual Studio Solution File, Format Version 12.00
# Visual Studio 15
VisualStudioVersion = 15.0.28307.489
MinimumVisualStudioVersion = 10.0.40219.1
Project("{FAE04EC0-301F-11D3-BF4B-00C04F79EFBC}") = "LPIS_AssessmentUnitTest", "LPIS_AssessmentUnitTest\LPIS_AssessmentUnitTest.csproj", "{9EDA2624-5B8A-4CC2-8213-7519AA46EC14}"
EndProject
Project("{FAE04EC0-301F-11D3-BF4B-00C04F79EFBC}") = "LPIS_AssessmentConsole", "LPIS_AssessmentConsole\LPIS_AssessmentConsole.csproj", "{3B585E51-722A-48FC-9631-6B606219DD71}"
EndProject
Global
	GlobalSection(SolutionConfigurationPlatforms) = preSolution
		Debug|Any CPU = Debug|Any CPU
		Release|Any CPU = Release|Any CPU
	EndGlobalSection
	GlobalSection(ProjectConfigurationPlatforms) = postSolution
		{9EDA2624-5B8A-4CC2-8213-7519AA46EC14}.Debug|Any CPU.ActiveCfg = Debug|Any CPU
		{9EDA2624-5B8A-4CC2-8213-7519AA46EC14}.Debug|Any CPU.Build.0 = Debug|Any CPU
		{9EDA2624-5B8A-4CC2-8213-7519AA46EC14}.Release|Any CPU.ActiveCfg = Release|Any CPU
		{9EDA2624-5B8A-4CC2-8213-7519AA46EC14}.Release|Any CPU.Build.0 = Release|Any CPU
		{3B585E51-722A-48FC-9631-6B606219DD71}.Debug|Any CPU.ActiveCfg = Debug|Any CPU
		{3B585E51-722A-48FC-9631-6B606219DD71}.Debug|Any CPU.Build.0 = Debug|Any CPU
		{3B585E51-722A-48FC-9631-6B606219DD71}.Release|Any CPU.ActiveCfg = Release|Any CPU
		{3B585E51-722A-48FC-9631-6B606219DD71}.Release|Any CPU.Build.0 = Release|Any CPU
	EndGlobalSection
	GlobalSection(SolutionProperties) = preSolution
		HideSolutionNode = FALSE
	EndGlobalSection
	GlobalSection(ExtensibilityGlobals) = postSolution
		SolutionGuid = {5F3CB051-4013-4D1B-AFA3-5681923BB9A9}
	EndGlobalSection
EndGlobal
